// !$*UTF8*$!
{
	archiveVersion = 1;
	classes = {
	};
	objectVersion = 77;
	objects = {

/* Begin PBXBuildFile section */
		7EA000000000000000000010 /* WhyTeaYouTube in Frameworks */ = {isa = PBXBuildFile; productRef = 7EA000000000000000000011 /* WhyTeaYouTube */; };
/* End PBXBuildFile section */

/* Begin PBXContainerItemProxy section */
		7EA000000000000000000037 /* PBXContainerItemProxy */ = {
			isa = PBXContainerItemProxy;
			containerPortal = 7EA000000000000000000001 /* Project object */;
			proxyType = 1;
			remoteGlobalIDString = 7EA000000000000000000006;
			remoteInfo = WhyTea;
		};
/* End PBXContainerItemProxy section */

/* Begin PBXFileReference section */
		7EA000000000000000000004 /* WhyTea.app */ = {isa = PBXFileReference; explicitFileType = wrapper.application; includeInIndex = 0; path = WhyTea.app; sourceTree = BUILT_PRODUCTS_DIR; };
		7EA000000000000000000030 /* WhyTeaTests.xctest */ = {isa = PBXFileReference; explicitFileType = wrapper.cfbundle; includeInIndex = 0; path = WhyTeaTests.xctest; sourceTree = BUILT_PRODUCTS_DIR; };
/* End PBXFileReference section */

/* Begin PBXFileSystemSynchronizedBuildFileExceptionSet section */
		7EA000000000000000000013 /* Exceptions for "WhyTea" folder in "WhyTea" target */ = {
			isa = PBXFileSystemSynchronizedBuildFileExceptionSet;
			membershipExceptions = (
				Info.plist,
			);
			target = 7EA000000000000000000006 /* WhyTea */;
		};
/* End PBXFileSystemSynchronizedBuildFileExceptionSet section */

/* Begin PBXFileSystemSynchronizedRootGroup section */
		7EA000000000000000000005 /* WhyTea */ = {
			isa = PBXFileSystemSynchronizedRootGroup;
			exceptions = (
				7EA000000000000000000013 /* Exceptions for "WhyTea" folder in "WhyTea" target */,
			);
			path = WhyTea;
			sourceTree = "<group>";
		};
		7EA000000000000000000031 /* WhyTeaTests */ = {
			isa = PBXFileSystemSynchronizedRootGroup;
			path = WhyTeaTests;
			sourceTree = "<group>";
		};
/* End PBXFileSystemSynchronizedRootGroup section */

/* Begin PBXFrameworksBuildPhase section */
		7EA000000000000000000008 /* Frameworks */ = {
			isa = PBXFrameworksBuildPhase;
			buildActionMask = 2147483647;
			files = (
				7EA000000000000000000010 /* WhyTeaYouTube in Frameworks */,
			);
			runOnlyForDeploymentPostprocessing = 0;
		};
		7EA000000000000000000034 /* Frameworks */ = {
			isa = PBXFrameworksBuildPhase;
			buildActionMask = 2147483647;
			files = (
			);
			runOnlyForDeploymentPostprocessing = 0;
		};
/* End PBXFrameworksBuildPhase section */

/* Begin PBXGroup section */
		7EA000000000000000000002 = {
			isa = PBXGroup;
			children = (
				7EA000000000000000000005 /* WhyTea */,
				7EA000000000000000000031 /* WhyTeaTests */,
				7EA000000000000000000003 /* Products */,
			);
			sourceTree = "<group>";
		};
		7EA000000000000000000003 /* Products */ = {
			isa = PBXGroup;
			children = (
				7EA000000000000000000004 /* WhyTea.app */,
				7EA000000000000000000030 /* WhyTeaTests.xctest */,
			);
			name = Products;
			sourceTree = "<group>";
		};
/* End PBXGroup section */

/* Begin PBXNativeTarget section */
		7EA000000000000000000006 /* WhyTea */ = {
			isa = PBXNativeTarget;
			buildConfigurationList = 7EA000000000000000000020 /* Build configuration list for PBXNativeTarget "WhyTea" */;
			buildPhases = (
				7EA000000000000000000007 /* Sources */,
				7EA000000000000000000008 /* Frameworks */,
				7EA000000000000000000009 /* Resources */,
			);
			buildRules = (
			);
			dependencies = (
			);
			fileSystemSynchronizedGroups = (
				7EA000000000000000000005 /* WhyTea */,
			);
			name = WhyTea;
			packageProductDependencies = (
				7EA000000000000000000011 /* WhyTeaYouTube */,
			);
			productName = WhyTea;
			productReference = 7EA000000000000000000004 /* WhyTea.app */;
			productType = "com.apple.product-type.application";
		};
		7EA000000000000000000032 /* WhyTeaTests */ = {
			isa = PBXNativeTarget;
			buildConfigurationList = 7EA000000000000000000038 /* Build configuration list for PBXNativeTarget "WhyTeaTests" */;
			buildPhases = (
				7EA000000000000000000033 /* Sources */,
				7EA000000000000000000034 /* Frameworks */,
				7EA000000000000000000035 /* Resources */,
			);
			buildRules = (
			);
			dependencies = (
				7EA000000000000000000036 /* PBXTargetDependency */,
			);
			fileSystemSynchronizedGroups = (
				7EA000000000000000000031 /* WhyTeaTests */,
			);
			name = WhyTeaTests;
			productName = WhyTeaTests;
			productReference = 7EA000000000000000000030 /* WhyTeaTests.xctest */;
			productType = "com.apple.product-type.bundle.unit-test";
		};
/* End PBXNativeTarget section */

/* Begin PBXProject section */
		7EA000000000000000000001 /* Project object */ = {
			isa = PBXProject;
			attributes = {
				BuildIndependentTargetsInParallel = 1;
				LastSwiftUpdateCheck = 2700;
				LastUpgradeCheck = 2700;
				TargetAttributes = {
					7EA000000000000000000006 = {
						CreatedOnToolsVersion = 27.0;
					};
					7EA000000000000000000032 = {
						CreatedOnToolsVersion = 27.0;
						TestTargetID = 7EA000000000000000000006;
					};
				};
			};
			buildConfigurationList = 7EA00000000000000000001D /* Build configuration list for PBXProject "WhyTea" */;
			developmentRegion = en;
			hasScannedForEncodings = 0;
			knownRegions = (
				en,
				Base,
			);
			mainGroup = 7EA000000000000000000002;
			minimizedProjectReferenceProxies = 1;
			packageReferences = (
				7EA000000000000000000012 /* XCLocalSwiftPackageReference "Packages/WhyTeaYouTube" */,
			);
			preferredProjectObjectVersion = 77;
			productRefGroup = 7EA000000000000000000003 /* Products */;
			projectDirPath = "";
			projectRoot = "";
			targets = (
				7EA000000000000000000006 /* WhyTea */,
				7EA000000000000000000032 /* WhyTeaTests */,
			);
		};
/* End PBXProject section */

/* Begin PBXResourcesBuildPhase section */
		7EA000000000000000000009 /* Resources */ = {
			isa = PBXResourcesBuildPhase;
			buildActionMask = 2147483647;
			files = (
			);
			runOnlyForDeploymentPostprocessing = 0;
		};
		7EA000000000000000000035 /* Resources */ = {
			isa = PBXResourcesBuildPhase;
			buildActionMask = 2147483647;
			files = (
			);
			runOnlyForDeploymentPostprocessing = 0;
		};
/* End PBXResourcesBuildPhase section */

/* Begin PBXSourcesBuildPhase section */
		7EA000000000000000000007 /* Sources */ = {
			isa = PBXSourcesBuildPhase;
			buildActionMask = 2147483647;
			files = (
			);
			runOnlyForDeploymentPostprocessing = 0;
		};
		7EA000000000000000000033 /* Sources */ = {
			isa = PBXSourcesBuildPhase;
			buildActionMask = 2147483647;
			files = (
			);
			runOnlyForDeploymentPostprocessing = 0;
		};
/* End PBXSourcesBuildPhase section */

/* Begin PBXTargetDependency section */
		7EA000000000000000000036 /* PBXTargetDependency */ = {
			isa = PBXTargetDependency;
			target = 7EA000000000000000000006 /* WhyTea */;
			targetProxy = 7EA000000000000000000037 /* PBXContainerItemProxy */;
		};
/* End PBXTargetDependency section */

/* Begin XCBuildConfiguration section */
		7EA00000000000000000001E /* Debug */ = {
			isa = XCBuildConfiguration;
			buildSettings = {
				ALWAYS_SEARCH_USER_PATHS = NO;
				ASSETCATALOG_COMPILER_GENERATE_SWIFT_ASSET_SYMBOL_EXTENSIONS = YES;
				CLANG_ANALYZER_NONNULL = YES;
				CLANG_CXX_LANGUAGE_STANDARD = "gnu++20";
				CLANG_ENABLE_MODULES = YES;
				CLANG_ENABLE_OBJC_ARC = YES;
				CLANG_WARN_UNGUARDED_AVAILABILITY = YES_AGGRESSIVE;
				COPY_PHASE_STRIP = NO;
				DEBUG_INFORMATION_FORMAT = dwarf;
				DEVELOPMENT_TEAM = "";
				ENABLE_STRICT_OBJC_MSGSEND = YES;
				ENABLE_TESTABILITY = YES;
				ENABLE_USER_SCRIPT_SANDBOXING = YES;
				GCC_OPTIMIZATION_LEVEL = 0;
				GCC_PREPROCESSOR_DEFINITIONS = (
					"DEBUG=1",
					"$(inherited)",
				);
				IPHONEOS_DEPLOYMENT_TARGET = 27.0;
				ONLY_ACTIVE_ARCH = YES;
				SDKROOT = iphoneos;
				STRING_CATALOG_GENERATE_SYMBOLS = YES;
				SWIFT_ACTIVE_COMPILATION_CONDITIONS = DEBUG;
				SWIFT_APPROACHABLE_CONCURRENCY = YES;
				SWIFT_OPTIMIZATION_LEVEL = "-Onone";
			};
			name = Debug;
		};
		7EA00000000000000000001F /* Release */ = {
			isa = XCBuildConfiguration;
			buildSettings = {
				ALWAYS_SEARCH_USER_PATHS = NO;
				ASSETCATALOG_COMPILER_GENERATE_SWIFT_ASSET_SYMBOL_EXTENSIONS = YES;
				CLANG_ANALYZER_NONNULL = YES;
				CLANG_CXX_LANGUAGE_STANDARD = "gnu++20";
				CLANG_ENABLE_MODULES = YES;
				CLANG_ENABLE_OBJC_ARC = YES;
				CLANG_WARN_UNGUARDED_AVAILABILITY = YES_AGGRESSIVE;
				COPY_PHASE_STRIP = NO;
				DEBUG_INFORMATION_FORMAT = "dwarf-with-dsym";
				DEVELOPMENT_TEAM = "";
				ENABLE_NS_ASSERTIONS = NO;
				ENABLE_STRICT_OBJC_MSGSEND = YES;
				ENABLE_USER_SCRIPT_SANDBOXING = YES;
				IPHONEOS_DEPLOYMENT_TARGET = 27.0;
				SDKROOT = iphoneos;
				STRING_CATALOG_GENERATE_SYMBOLS = YES;
				SWIFT_APPROACHABLE_CONCURRENCY = YES;
				SWIFT_COMPILATION_MODE = wholemodule;
				VALIDATE_PRODUCT = YES;
			};
			name = Release;
		};
		7EA000000000000000000021 /* Debug */ = {
			isa = XCBuildConfiguration;
			buildSettings = {
				ASSETCATALOG_COMPILER_APPICON_NAME = AppIcon;
				CODE_SIGN_STYLE = Automatic;
				CURRENT_PROJECT_VERSION = 2;
				ENABLE_PREVIEWS = YES;
				GENERATE_INFOPLIST_FILE = YES;
				INFOPLIST_FILE = WhyTea/Info.plist;
				INFOPLIST_KEY_CFBundleDisplayName = "why tea";
				INFOPLIST_KEY_ITSAppUsesNonExemptEncryption = NO;
				INFOPLIST_KEY_UIApplicationSceneManifest_Generation = YES;
				INFOPLIST_KEY_UILaunchScreen_Generation = YES;
				INFOPLIST_KEY_UISupportedInterfaceOrientations_iPad = "UIInterfaceOrientationPortrait UIInterfaceOrientationPortraitUpsideDown UIInterfaceOrientationLandscapeLeft UIInterfaceOrientationLandscapeRight";
				INFOPLIST_KEY_UISupportedInterfaceOrientations_iPhone = "UIInterfaceOrientationPortrait UIInterfaceOrientationLandscapeLeft UIInterfaceOrientationLandscapeRight";
				LD_RUNPATH_SEARCH_PATHS = (
					"$(inherited)",
					"@executable_path/Frameworks",
				);
				MARKETING_VERSION = 0.1;
				PRODUCT_BUNDLE_IDENTIFIER = com.connor.whytea;
				PRODUCT_NAME = WhyTea;
				SWIFT_DEFAULT_ACTOR_ISOLATION = MainActor;
				SWIFT_EMIT_LOC_STRINGS = YES;
				SWIFT_STRICT_CONCURRENCY = complete;
				SWIFT_UPCOMING_FEATURE_NONISOLATED_NONSENDING_BY_DEFAULT = YES;
				SWIFT_VERSION = 6.0;
				TARGETED_DEVICE_FAMILY = "1,2";
			};
			name = Debug;
		};
		7EA000000000000000000022 /* Release */ = {
			isa = XCBuildConfiguration;
			buildSettings = {
				ASSETCATALOG_COMPILER_APPICON_NAME = AppIcon;
				CODE_SIGN_STYLE = Automatic;
				CURRENT_PROJECT_VERSION = 2;
				ENABLE_PREVIEWS = YES;
				EXCLUDED_SOURCE_FILE_NAMES = catalog.json;
				GENERATE_INFOPLIST_FILE = YES;
				INFOPLIST_FILE = WhyTea/Info.plist;
				INFOPLIST_KEY_CFBundleDisplayName = "why tea";
				INFOPLIST_KEY_ITSAppUsesNonExemptEncryption = NO;
				INFOPLIST_KEY_UIApplicationSceneManifest_Generation = YES;
				INFOPLIST_KEY_UILaunchScreen_Generation = YES;
				INFOPLIST_KEY_UISupportedInterfaceOrientations_iPad = "UIInterfaceOrientationPortrait UIInterfaceOrientationPortraitUpsideDown UIInterfaceOrientationLandscapeLeft UIInterfaceOrientationLandscapeRight";
				INFOPLIST_KEY_UISupportedInterfaceOrientations_iPhone = "UIInterfaceOrientationPortrait UIInterfaceOrientationLandscapeLeft UIInterfaceOrientationLandscapeRight";
				LD_RUNPATH_SEARCH_PATHS = (
					"$(inherited)",
					"@executable_path/Frameworks",
				);
				MARKETING_VERSION = 0.1;
				PRODUCT_BUNDLE_IDENTIFIER = com.connor.whytea;
				PRODUCT_NAME = WhyTea;
				SWIFT_DEFAULT_ACTOR_ISOLATION = MainActor;
				SWIFT_EMIT_LOC_STRINGS = YES;
				SWIFT_STRICT_CONCURRENCY = complete;
				SWIFT_UPCOMING_FEATURE_NONISOLATED_NONSENDING_BY_DEFAULT = YES;
				SWIFT_VERSION = 6.0;
				TARGETED_DEVICE_FAMILY = "1,2";
			};
			name = Release;
		};
		7EA000000000000000000039 /* Debug */ = {
			isa = XCBuildConfiguration;
			buildSettings = {
				BUNDLE_LOADER = "$(TEST_HOST)";
				CODE_SIGN_STYLE = Automatic;
				GENERATE_INFOPLIST_FILE = YES;
				PRODUCT_BUNDLE_IDENTIFIER = com.connor.whytea.tests;
				PRODUCT_NAME = "$(TARGET_NAME)";
				SWIFT_DEFAULT_ACTOR_ISOLATION = MainActor;
				SWIFT_EMIT_LOC_STRINGS = NO;
				SWIFT_STRICT_CONCURRENCY = complete;
				SWIFT_UPCOMING_FEATURE_NONISOLATED_NONSENDING_BY_DEFAULT = YES;
				SWIFT_VERSION = 6.0;
				TARGETED_DEVICE_FAMILY = "1,2";
				TEST_HOST = "$(BUILT_PRODUCTS_DIR)/WhyTea.app/$(BUNDLE_EXECUTABLE_FOLDER_PATH)/WhyTea";
			};
			name = Debug;
		};
		7EA00000000000000000003A /* Release */ = {
			isa = XCBuildConfiguration;
			buildSettings = {
				BUNDLE_LOADER = "$(TEST_HOST)";
				CODE_SIGN_STYLE = Automatic;
				GENERATE_INFOPLIST_FILE = YES;
				PRODUCT_BUNDLE_IDENTIFIER = com.connor.whytea.tests;
				PRODUCT_NAME = "$(TARGET_NAME)";
				SWIFT_DEFAULT_ACTOR_ISOLATION = MainActor;
				SWIFT_EMIT_LOC_STRINGS = NO;
				SWIFT_STRICT_CONCURRENCY = complete;
				SWIFT_UPCOMING_FEATURE_NONISOLATED_NONSENDING_BY_DEFAULT = YES;
				SWIFT_VERSION = 6.0;
				TARGETED_DEVICE_FAMILY = "1,2";
				TEST_HOST = "$(BUILT_PRODUCTS_DIR)/WhyTea.app/$(BUNDLE_EXECUTABLE_FOLDER_PATH)/WhyTea";
			};
			name = Release;
		};
/* End XCBuildConfiguration section */

/* Begin XCConfigurationList section */
		7EA00000000000000000001D /* Build configuration list for PBXProject "WhyTea" */ = {
			isa = XCConfigurationList;
			buildConfigurations = (
				7EA00000000000000000001E /* Debug */,
				7EA00000000000000000001F /* Release */,
			);
			defaultConfigurationIsVisible = 0;
			defaultConfigurationName = Release;
		};
		7EA000000000000000000020 /* Build configuration list for PBXNativeTarget "WhyTea" */ = {
			isa = XCConfigurationList;
			buildConfigurations = (
				7EA000000000000000000021 /* Debug */,
				7EA000000000000000000022 /* Release */,
			);
			defaultConfigurationIsVisible = 0;
			defaultConfigurationName = Release;
		};
		7EA000000000000000000038 /* Build configuration list for PBXNativeTarget "WhyTeaTests" */ = {
			isa = XCConfigurationList;
			buildConfigurations = (
				7EA000000000000000000039 /* Debug */,
				7EA00000000000000000003A /* Release */,
			);
			defaultConfigurationIsVisible = 0;
			defaultConfigurationName = Release;
		};
/* End XCConfigurationList section */

/* Begin XCLocalSwiftPackageReference section */
		7EA000000000000000000012 /* XCLocalSwiftPackageReference "Packages/WhyTeaYouTube" */ = {
			isa = XCLocalSwiftPackageReference;
			relativePath = Packages/WhyTeaYouTube;
		};
/* End XCLocalSwiftPackageReference section */

/* Begin XCSwiftPackageProductDependency section */
		7EA000000000000000000011 /* WhyTeaYouTube */ = {
			isa = XCSwiftPackageProductDependency;
			package = 7EA000000000000000000012 /* XCLocalSwiftPackageReference "Packages/WhyTeaYouTube" */;
			productName = WhyTeaYouTube;
		};
/* End XCSwiftPackageProductDependency section */
	};
	rootObject = 7EA000000000000000000001 /* Project object */;
}
